
Microsoft Visual Studio Solution File, Format Version 12.00
# Visual Studio Version 16
VisualStudioVersion = 16.0.29905.134
MinimumVisualStudioVersion = 10.0.40219.1
Project("{8BC9CEB8-8B4A-11D0-8D11-00A0C91BC942}") = "双向队列", "自己实现一些数据结构\自己实现一些数据结构.vcxproj", "{9EC99DE3-F695-4D4F-8174-2748FAD094B8}"
EndProject
Project("{8BC9CEB8-8B4A-11D0-8D11-00A0C91BC942}") = "哈希表", "哈希表\哈希表.vcxproj", "{3B171AAE-0556-4B1A-9335-A14F148B6469}"
EndProject
Project("{8BC9CEB8-8B4A-11D0-8D11-00A0C91BC942}") = "B树", "B树\B树.vcxproj", "{7E702BF3-8A03-444B-9D76-FCAEBC37307D}"
EndProject
Project("{8BC9CEB8-8B4A-11D0-8D11-00A0C91BC942}") = "二叉树", "二叉树\二叉树.vcxproj", "{C6312757-0D17-401C-890D-C127B88A8157}"
EndProject
Project("{8BC9CEB8-8B4A-11D0-8D11-00A0C91BC942}") = "AVL树", "AVL树\AVL树.vcxproj", "{6F0F5D59-0B78-4B91-9805-5FFCC2B45E42}"
EndProject
Global
	GlobalSection(SolutionConfigurationPlatforms) = preSolution
		Debug|x64 = Debug|x64
		Debug|x86 = Debug|x86
		Release|x64 = Release|x64
		Release|x86 = Release|x86
	EndGlobalSection
	GlobalSection(ProjectConfigurationPlatforms) = postSolution
		{9EC99DE3-F695-4D4F-8174-2748FAD094B8}.Debug|x64.ActiveCfg = Debug|x64
		{9EC99DE3-F695-4D4F-8174-2748FAD094B8}.Debug|x64.Build.0 = Debug|x64
		{9EC99DE3-F695-4D4F-8174-2748FAD094B8}.Debug|x86.ActiveCfg = Debug|Win32
		{9EC99DE3-F695-4D4F-8174-2748FAD094B8}.Debug|x86.Build.0 = Debug|Win32
		{9EC99DE3-F695-4D4F-8174-2748FAD094B8}.Release|x64.ActiveCfg = Release|x64
		{9EC99DE3-F695-4D4F-8174-2748FAD094B8}.Release|x64.Build.0 = Release|x64
		{9EC99DE3-F695-4D4F-8174-2748FAD094B8}.Release|x86.ActiveCfg = Release|Win32
		{9EC99DE3-F695-4D4F-8174-2748FAD094B8}.Release|x86.Build.0 = Release|Win32
		{3B171AAE-0556-4B1A-9335-A14F148B6469}.Debug|x64.ActiveCfg = Debug|x64
		{3B171AAE-0556-4B1A-9335-A14F148B6469}.Debug|x64.Build.0 = Debug|x64
		{3B171AAE-0556-4B1A-9335-A14F148B6469}.Debug|x86.ActiveCfg = Debug|Win32
		{3B171AAE-0556-4B1A-9335-A14F148B6469}.Debug|x86.Build.0 = Debug|Win32
		{3B171AAE-0556-4B1A-9335-A14F148B6469}.Release|x64.ActiveCfg = Release|x64
		{3B171AAE-0556-4B1A-9335-A14F148B6469}.Release|x64.Build.0 = Release|x64
		{3B171AAE-0556-4B1A-9335-A14F148B6469}.Release|x86.ActiveCfg = Release|Win32
		{3B171AAE-0556-4B1A-9335-A14F148B6469}.Release|x86.Build.0 = Release|Win32
		{7E702BF3-8A03-444B-9D76-FCAEBC37307D}.Debug|x64.ActiveCfg = Debug|x64
		{7E702BF3-8A03-444B-9D76-FCAEBC37307D}.Debug|x64.Build.0 = Debug|x64
		{7E702BF3-8A03-444B-9D76-FCAEBC37307D}.Debug|x86.ActiveCfg = Debug|Win32
		{7E702BF3-8A03-444B-9D76-FCAEBC37307D}.Debug|x86.Build.0 = Debug|Win32
		{7E702BF3-8A03-444B-9D76-FCAEBC37307D}.Release|x64.ActiveCfg = Release|x64
		{7E702BF3-8A03-444B-9D76-FCAEBC37307D}.Release|x64.Build.0 = Release|x64
		{7E702BF3-8A03-444B-9D76-FCAEBC37307D}.Release|x86.ActiveCfg = Release|Win32
		{7E702BF3-8A03-444B-9D76-FCAEBC37307D}.Release|x86.Build.0 = Release|Win32
		{C6312757-0D17-401C-890D-C127B88A8157}.Debug|x64.ActiveCfg = Debug|x64
		{C6312757-0D17-401C-890D-C127B88A8157}.Debug|x64.Build.0 = Debug|x64
		{C6312757-0D17-401C-890D-C127B88A8157}.Debug|x86.ActiveCfg = Debug|Win32
		{C6312757-0D17-401C-890D-C127B88A8157}.Debug|x86.Build.0 = Debug|Win32
		{C6312757-0D17-401C-890D-C127B88A8157}.Release|x64.ActiveCfg = Release|x64
		{C6312757-0D17-401C-890D-C127B88A8157}.Release|x64.Build.0 = Release|x64
		{C6312757-0D17-401C-890D-C127B88A8157}.Release|x86.ActiveCfg = Release|Win32
		{C6312757-0D17-401C-890D-C127B88A8157}.Release|x86.Build.0 = Release|Win32
		{6F0F5D59-0B78-4B91-9805-5FFCC2B45E42}.Debug|x64.ActiveCfg = Debug|x64
		{6F0F5D59-0B78-4B91-9805-5FFCC2B45E42}.Debug|x64.Build.0 = Debug|x64
		{6F0F5D59-0B78-4B91-9805-5FFCC2B45E42}.Debug|x86.ActiveCfg = Debug|Win32
		{6F0F5D59-0B78-4B91-9805-5FFCC2B45E42}.Debug|x86.Build.0 = Debug|Win32
		{6F0F5D59-0B78-4B91-9805-5FFCC2B45E42}.Release|x64.ActiveCfg = Release|x64
		{6F0F5D59-0B78-4B91-9805-5FFCC2B45E42}.Release|x64.Build.0 = Release|x64
		{6F0F5D59-0B78-4B91-9805-5FFCC2B45E42}.Release|x86.ActiveCfg = Release|Win32
		{6F0F5D59-0B78-4B91-9805-5FFCC2B45E42}.Release|x86.Build.0 = Release|Win32
	EndGlobalSection
	GlobalSection(SolutionProperties) = preSolution
		HideSolutionNode = FALSE
	EndGlobalSection
	GlobalSection(ExtensibilityGlobals) = postSolution
		SolutionGuid = {C646172F-AEA9-4091-A364-0717D1D4E57B}
	EndGlobalSection
EndGlobal
